{
  "name": "ca65-code",
  "version": "0.0.1",
  "lockfileVersion": 3,
  "requires": true,
  "packages": {
    "": {
      "name": "ca65-code",
      "version": "0.0.1",
      "hasInstallScript": true,
      "dependencies": {
        "typescript": "^5.8.2"
      },
      "engines": {
        "vscode": "^1.98.0"
      }
    },
    "node_modules/typescript": {
      "version": "5.8.2",
      "license": "Apache-2.0",
      "bin": {
        "tsc": "bin/tsc",
        "tsserver": "bin/tsserver"
      },
      "engines": {
        "node": ">=14.17"
      }
    }
  }
}
